# This file is autogenerated, do not edit; changes may be undone by the next 'dep ensure'.


[[projects]]
  digest = "1:b2f3f92217e0c87811b9ebf73a14d18862c2eb7108dd388b1e99aaafbd6f0080"
  name = "github.com/Azure/azure-sdk-for-go"
  packages = [
    "services/dns/mgmt/2017-09-01/dns",
    "version",
  ]
  pruneopts = "UT"
  revision = "cd93ccfe0395e70031704ca68f14606588eec120"
  version = "v17.3.0"

[[projects]]
  digest = "1:8b5c202a5f97b9013ad96ebee2499b1261b97536833c2746123218e66f6c29cc"
  name = "github.com/Azure/go-autorest"
  packages = [
    "autorest",
    "autorest/adal",
    "autorest/azure",
    "autorest/date",
    "autorest/to",
  ]
  pruneopts = "UT"
  revision = "d21db7ee8958d471f5b185d700762c903549ee08"
  version = "v10.10.0"

[[projects]]
  digest = "1:989ab2dbb14de7a194d578edf0fc50d0d1156415b4c94318dc3f594585510633"
  name = "github.com/JamesClonk/vultr"
  packages = ["lib"]
  pruneopts = "UT"
  revision = "abaa6c05a3ff93c18a1443d1ee4f7c72849235eb"
  version = "1.13.0"

[[projects]]
  digest = "1:9e9193aa51197513b3abcb108970d831fbcf40ef96aa845c4f03276e1fa316d2"
  name = "github.com/Sirupsen/logrus"
  packages = ["."]
  pruneopts = "UT"
  revision = "c155da19408a8799da419ed3eeb0cb5db0ad5dbc"
  version = "v1.0.5"

[[projects]]
  digest = "1:eaf631901c9d39cde175a31bce0fb10d93acfe8bc5556236162a918051a192f3"
  name = "github.com/aws/aws-sdk-go"
  packages = [
    "aws",
    "aws/awserr",
    "aws/awsutil",
    "aws/client",
    "aws/client/metadata",
    "aws/corehandlers",
    "aws/credentials",
    "aws/credentials/ec2rolecreds",
    "aws/credentials/endpointcreds",
    "aws/credentials/stscreds",
    "aws/csm",
    "aws/defaults",
    "aws/ec2metadata",
    "aws/endpoints",
    "aws/request",
    "aws/session",
    "aws/signer/v4",
    "internal/sdkio",
    "internal/sdkrand",
    "internal/shareddefaults",
    "private/protocol",
    "private/protocol/query",
    "private/protocol/query/queryutil",
    "private/protocol/rest",
    "private/protocol/restxml",
    "private/protocol/xml/xmlutil",
    "service/route53",
    "service/sts",
  ]
  pruneopts = "UT"
  revision = "c9af76f2478f81c6566d0f7f4d522254ec7c0b52"
  version = "v1.14.3"

[[projects]]
  digest = "1:76dc72490af7174349349838f2fe118996381b31ea83243812a97e5a0fd5ed55"
  name = "github.com/dgrijalva/jwt-go"
  packages = ["."]
  pruneopts = "UT"
  revision = "06ea1031745cb8b3dab3f6a236daf2b0aa468b7e"
  version = "v3.2.0"

[[projects]]
  branch = "master"
  digest = "1:85c526baaf3fd33efe069af6bd75419ef7efccfb181ab7c8796321141a6578a2"
  name = "github.com/dnsimple/dnsimple-go"
  packages = ["dnsimple"]
  pruneopts = "UT"
  revision = "f1325bedd5c7a52da7831b781886f1a5e8a5d644"

[[projects]]
  digest = "1:b989c3303df713d98b73cb6d70cd318624b51d91f3edbae81c55a48f95a52e86"
  name = "github.com/edeckers/auroradnsclient"
  packages = [
    ".",
    "records",
    "requests",
    "requests/errors",
    "tokens",
    "zones",
  ]
  pruneopts = "UT"
  revision = "8b777c1"

[[projects]]
  digest = "1:5abd6a22805b1919f6a6bca0ae58b13cef1f3412812f38569978f43ef02743d4"
  name = "github.com/go-ini/ini"
  packages = ["."]
  pruneopts = "UT"
  revision = "5cf292cae48347c2490ac1a58fe36735fb78df7e"
  version = "v1.38.2"

[[projects]]
  digest = "1:a63cff6b5d8b95638bfe300385d93b2a6d9d687734b863da8e09dc834510a690"
  name = "github.com/google/go-querystring"
  packages = ["query"]
  pruneopts = "UT"
  revision = "53e6ce1"

[[projects]]
  digest = "1:43dd08a10854b2056e615d1b1d22ac94559d822e1f8b6fcc92c1a1057e85188e"
  name = "github.com/gorilla/websocket"
  packages = ["."]
  pruneopts = "UT"
  revision = "a91eba7"

[[projects]]
  digest = "1:e22af8c7518e1eab6f2eab2b7d7558927f816262586cd6ed9f349c97a6c285c4"
  name = "github.com/jmespath/go-jmespath"
  packages = ["."]
  pruneopts = "UT"
  revision = "0b12d6b5"

[[projects]]
  digest = "1:ffa97833f33cc1c2b0aae813035227f5ea92528a4a4d955714c454920a42f988"
  name = "github.com/juju/ratelimit"
  packages = ["."]
  pruneopts = "UT"
  revision = "77ed1c8"

[[projects]]
  digest = "1:7392133b3d8bc75dd57acbf05c5b295240e2752b20435b887f03d4e6e8fbd53f"
  name = "github.com/miekg/dns"
  packages = ["."]
  pruneopts = "UT"
  revision = "f282f80"

[[projects]]
  branch = "master"
  digest = "1:02584222c11b07d1d61cd76cc73e78cbc72810384a7ea69c543246d60d3335f7"
  name = "github.com/ovh/go-ovh"
  packages = ["ovh"]
  pruneopts = "UT"
  revision = "c3e61035ea66f5c637719c90140da4e3ac3b1bf0"

[[projects]]
  digest = "1:0599213459e7ef9398ab20b26722ebeaeed4d9d85255005ddf0a5c47f8c02670"
  name = "github.com/pkg/errors"
  packages = ["."]
  pruneopts = "UT"
  revision = "c605e28"

[[projects]]
  digest = "1:826e4d91c2ce4261198316c1c2c61a385b9f9181cf4d978bf95a17cf793aa465"
  name = "github.com/rancher/go-rancher"
  packages = ["v2"]
  pruneopts = "UT"
  revision = "939fd85"

[[projects]]
  digest = "1:f9a751ff36fdd48e08bc8b92fa807238f239c74f11b9da811fc7c17a555640c3"
  name = "github.com/vxcontrol/rancher-letsencrypt"
  packages = [
    "letsencrypt",
    "rancher",
  ]
  pruneopts = "UT"
  revision = "eb89fad57308345a9bf503fd06cc2287b936c757"
  version = "v1.0.0"

[[projects]]
  digest = "1:feda4e776e810c007e12aa7b22867d671108bb968db330f7662be020affc610e"
  name = "github.com/xenolf/lego"
  packages = [
    "acme",
    "log",
    "providers/dns/auroradns",
    "providers/dns/azure",
    "providers/dns/cloudflare",
    "providers/dns/digitalocean",
    "providers/dns/dnsimple",
    "providers/dns/dyn",
    "providers/dns/gandi",
    "providers/dns/ns1",
    "providers/dns/ovh",
    "providers/dns/route53",
    "providers/dns/vultr",
  ]
  pruneopts = "UT"
  revision = "7fedfd1"

[[projects]]
  branch = "master"
  digest = "1:989d46985e1793b9f81fcc96ab841287556d07c3360716c9dc4cf0b673e51562"
  name = "golang.org/x/crypto"
  packages = [
    "ed25519",
    "ed25519/internal/edwards25519",
    "ocsp",
    "ssh/terminal",
  ]
  pruneopts = "UT"
  revision = "0e37d006457bf46f9e6692014ba72ef82c33022c"

[[projects]]
  digest = "1:8b01742d767c83bcf8ecd5a64ff403300f46fb7f7f017e8f0dc781bd9f4fa9fd"
  name = "golang.org/x/sys"
  packages = [
    "unix",
    "windows",
  ]
  pruneopts = "UT"
  revision = "f845067"

[[projects]]
  digest = "1:f779e6a6b3a143d9fd6cbc8e1c3ddfbe42df2cbab0ecabe66669a609a56460b8"
  name = "gopkg.in/ini.v1"
  packages = ["."]
  pruneopts = "UT"
  revision = "e7fea39"

[[projects]]
  branch = "v2"
  digest = "1:f15af196d07dbb28a0633599eba0fb872acd0b24426001520dd6cb9944c7ad1a"
  name = "gopkg.in/ns1/ns1-go.v2"
  packages = [
    "rest",
    "rest/model/account",
    "rest/model/data",
    "rest/model/dns",
    "rest/model/filter",
    "rest/model/monitor",
  ]
  pruneopts = "UT"
  revision = "028658c6d9be774b6d103a923d8c4b2715135c3f"

[[projects]]
  digest = "1:0f287957ae25f63e6a9fa361923581db8551e38d6b5e6c4f27e84607b3430889"
  name = "gopkg.in/square/go-jose.v2"
  packages = [
    ".",
    "cipher",
    "json",
  ]
  pruneopts = "UT"
  revision = "76dd09796242edb5b897103a75df2645c028c960"
  version = "v2.1.6"

[solve-meta]
  analyzer-name = "dep"
  analyzer-version = 1
  input-imports = [
    "github.com/Sirupsen/logrus",
    "github.com/rancher/go-rancher/v2",
    "github.com/vxcontrol/rancher-letsencrypt/letsencrypt",
    "github.com/vxcontrol/rancher-letsencrypt/rancher",
    "github.com/xenolf/lego/acme",
    "github.com/xenolf/lego/log",
    "github.com/xenolf/lego/providers/dns/auroradns",
    "github.com/xenolf/lego/providers/dns/azure",
    "github.com/xenolf/lego/providers/dns/cloudflare",
    "github.com/xenolf/lego/providers/dns/digitalocean",
    "github.com/xenolf/lego/providers/dns/dnsimple",
    "github.com/xenolf/lego/providers/dns/dyn",
    "github.com/xenolf/lego/providers/dns/gandi",
    "github.com/xenolf/lego/providers/dns/ns1",
    "github.com/xenolf/lego/providers/dns/ovh",
    "github.com/xenolf/lego/providers/dns/route53",
    "github.com/xenolf/lego/providers/dns/vultr",
  ]
  solver-name = "gps-cdcl"
  solver-version = 1
